
Microsoft Visual Studio Solution File, Format Version 12.00
# Visual Studio Version 16
VisualStudioVersion = 16.0.31205.134
MinimumVisualStudioVersion = 10.0.40219.1
Project("{FAE04EC0-301F-11D3-BF4B-00C04F79EFBC}") = "SmartIdeia", "SmartIdeia\SmartIdeia.csproj", "{884D6DAA-7C9C-4E5C-AA4F-BF248BE32F96}"
EndProject
Global
	GlobalSection(SolutionConfigurationPlatforms) = preSolution
		Debug|Any CPU = Debug|Any CPU
		Release|Any CPU = Release|Any CPU
	EndGlobalSection
	GlobalSection(ProjectConfigurationPlatforms) = postSolution
		{884D6DAA-7C9C-4E5C-AA4F-BF248BE32F96}.Debug|Any CPU.ActiveCfg = Debug|Any CPU
		{884D6DAA-7C9C-4E5C-AA4F-BF248BE32F96}.Debug|Any CPU.Build.0 = Debug|Any CPU
		{884D6DAA-7C9C-4E5C-AA4F-BF248BE32F96}.Release|Any CPU.ActiveCfg = Release|Any CPU
		{884D6DAA-7C9C-4E5C-AA4F-BF248BE32F96}.Release|Any CPU.Build.0 = Release|Any CPU
	EndGlobalSection
	GlobalSection(SolutionProperties) = preSolution
		HideSolutionNode = FALSE
	EndGlobalSection
	GlobalSection(ExtensibilityGlobals) = postSolution
		SolutionGuid = {7D6428F1-E7D7-4E44-B6B5-82813ECD7B38}
	EndGlobalSection
EndGlobal
